# THIS IS AN AUTOGENERATED FILE. DO NOT EDIT THIS FILE DIRECTLY.
# yarn lockfile v1


rescript@next:
  version "11.0.0-rc.6"
  resolved "https://registry.yarnpkg.com/rescript/-/rescript-11.0.0-rc.6.tgz#07ee555f6c6944a8d4c7186d1a848be471273f56"
  integrity sha512-2nqdpQxLgQGNp0Rb8AFn5cM3kwRTd54zLvchqCsK3iLOe1CJwdVW5nEF7lsJbFTqihl8W6Va1y7SbFxY3FNxOQ==
